// !$*UTF8*$!
{
	archiveVersion = 1;
	classes = {
	};
	objectVersion = 50;
	objects = {

/* Begin PBXBuildFile section */
		014C8360244577F600B1716F /* Package.swift in Sources */ = {isa = PBXBuildFile; fileRef = 014C835F244577F600B1716F /* Package.swift */; };
		01590599245DB7D8004EA0E1 /* ViewModel.swift in Sources */ = {isa = PBXBuildFile; fileRef = 01590598245DB7D8004EA0E1 /* ViewModel.swift */; };
		017149DB24630792003CF3F0 /* EbayOrder.swift in Sources */ = {isa = PBXBuildFile; fileRef = 017149C224630791003CF3F0 /* EbayOrder.swift */; };
		017149E22463C0A0003CF3F0 /* EbayRequest.swift in Sources */ = {isa = PBXBuildFile; fileRef = 017149E12463C0A0003CF3F0 /* EbayRequest.swift */; };
		017149E424642391003CF3F0 /* OrdersList.swift in Sources */ = {isa = PBXBuildFile; fileRef = 017149E324642391003CF3F0 /* OrdersList.swift */; };
		017149E6246424BE003CF3F0 /* OrdersListViewModel.swift in Sources */ = {isa = PBXBuildFile; fileRef = 017149E5246424BE003CF3F0 /* OrdersListViewModel.swift */; };
		01DB49952435BC2300A348A8 /* AppDelegate.swift in Sources */ = {isa = PBXBuildFile; fileRef = 01DB49942435BC2300A348A8 /* AppDelegate.swift */; };
		01DB49972435BC2300A348A8 /* SceneDelegate.swift in Sources */ = {isa = PBXBuildFile; fileRef = 01DB49962435BC2300A348A8 /* SceneDelegate.swift */; };
		01DB49992435BC2300A348A8 /* ContentView.swift in Sources */ = {isa = PBXBuildFile; fileRef = 01DB49982435BC2300A348A8 /* ContentView.swift */; };
		01DB499B2435BC2800A348A8 /* Assets.xcassets in Resources */ = {isa = PBXBuildFile; fileRef = 01DB499A2435BC2800A348A8 /* Assets.xcassets */; };
		01DB499E2435BC2800A348A8 /* Preview Assets.xcassets in Resources */ = {isa = PBXBuildFile; fileRef = 01DB499D2435BC2800A348A8 /* Preview Assets.xcassets */; };
		01DB49A12435BC2800A348A8 /* LaunchScreen.storyboard in Resources */ = {isa = PBXBuildFile; fileRef = 01DB499F2435BC2800A348A8 /* LaunchScreen.storyboard */; };
		01E24D2724597940009EA1E3 /* View+PDFExport.swift in Sources */ = {isa = PBXBuildFile; fileRef = 01E24D2624597940009EA1E3 /* View+PDFExport.swift */; };
		01E24D2A24597D4F009EA1E3 /* PDFViewer.swift in Sources */ = {isa = PBXBuildFile; fileRef = 01E24D2924597D4F009EA1E3 /* PDFViewer.swift */; };
		01E24D2C245984CF009EA1E3 /* ActivityView.swift in Sources */ = {isa = PBXBuildFile; fileRef = 01E24D2B245984CF009EA1E3 /* ActivityView.swift */; };
		01E24D2E245A9D4A009EA1E3 /* PackageLabelView.swift in Sources */ = {isa = PBXBuildFile; fileRef = 01E24D2D245A9D4A009EA1E3 /* PackageLabelView.swift */; };
		01E24D30245A9E16009EA1E3 /* PackageForm.swift in Sources */ = {isa = PBXBuildFile; fileRef = 01E24D2F245A9E16009EA1E3 /* PackageForm.swift */; };
		01E24D32245AA6FF009EA1E3 /* TestPackage.json in Resources */ = {isa = PBXBuildFile; fileRef = 01E24D31245AA6FF009EA1E3 /* TestPackage.json */; };
		01F46DB7246045D400EB0E8A /* PackageLabelViewModel.swift in Sources */ = {isa = PBXBuildFile; fileRef = 01F46DB6246045D400EB0E8A /* PackageLabelViewModel.swift */; };
		01F46DB92460488A00EB0E8A /* Address.swift in Sources */ = {isa = PBXBuildFile; fileRef = 01F46DB82460488A00EB0E8A /* Address.swift */; };
/* End PBXBuildFile section */

/* Begin PBXFileReference section */
		014C835F244577F600B1716F /* Package.swift */ = {isa = PBXFileReference; lastKnownFileType = sourcecode.swift; path = Package.swift; sourceTree = "<group>"; };
		01590598245DB7D8004EA0E1 /* ViewModel.swift */ = {isa = PBXFileReference; lastKnownFileType = sourcecode.swift; path = ViewModel.swift; sourceTree = "<group>"; };
		017149C224630791003CF3F0 /* EbayOrder.swift */ = {isa = PBXFileReference; fileEncoding = 4; lastKnownFileType = sourcecode.swift; path = EbayOrder.swift; sourceTree = "<group>"; };
		017149E12463C0A0003CF3F0 /* EbayRequest.swift */ = {isa = PBXFileReference; lastKnownFileType = sourcecode.swift; path = EbayRequest.swift; sourceTree = "<group>"; };
		017149E324642391003CF3F0 /* OrdersList.swift */ = {isa = PBXFileReference; lastKnownFileType = sourcecode.swift; path = OrdersList.swift; sourceTree = "<group>"; };
		017149E5246424BE003CF3F0 /* OrdersListViewModel.swift */ = {isa = PBXFileReference; lastKnownFileType = sourcecode.swift; path = OrdersListViewModel.swift; sourceTree = "<group>"; };
		01DB49912435BC2300A348A8 /* AdLab.app */ = {isa = PBXFileReference; explicitFileType = wrapper.application; includeInIndex = 0; path = AdLab.app; sourceTree = BUILT_PRODUCTS_DIR; };
		01DB49942435BC2300A348A8 /* AppDelegate.swift */ = {isa = PBXFileReference; lastKnownFileType = sourcecode.swift; path = AppDelegate.swift; sourceTree = "<group>"; };
		01DB49962435BC2300A348A8 /* SceneDelegate.swift */ = {isa = PBXFileReference; lastKnownFileType = sourcecode.swift; path = SceneDelegate.swift; sourceTree = "<group>"; };
		01DB49982435BC2300A348A8 /* ContentView.swift */ = {isa = PBXFileReference; lastKnownFileType = sourcecode.swift; path = ContentView.swift; sourceTree = "<group>"; };
		01DB499A2435BC2800A348A8 /* Assets.xcassets */ = {isa = PBXFileReference; lastKnownFileType = folder.assetcatalog; path = Assets.xcassets; sourceTree = "<group>"; };
		01DB499D2435BC2800A348A8 /* Preview Assets.xcassets */ = {isa = PBXFileReference; lastKnownFileType = folder.assetcatalog; path = "Preview Assets.xcassets"; sourceTree = "<group>"; };
		01DB49A02435BC2800A348A8 /* Base */ = {isa = PBXFileReference; lastKnownFileType = file.storyboard; name = Base; path = Base.lproj/LaunchScreen.storyboard; sourceTree = "<group>"; };
		01DB49A22435BC2800A348A8 /* Info.plist */ = {isa = PBXFileReference; lastKnownFileType = text.plist.xml; path = Info.plist; sourceTree = "<group>"; };
		01E24D2624597940009EA1E3 /* View+PDFExport.swift */ = {isa = PBXFileReference; lastKnownFileType = sourcecode.swift; path = "View+PDFExport.swift"; sourceTree = "<group>"; };
		01E24D2924597D4F009EA1E3 /* PDFViewer.swift */ = {isa = PBXFileReference; lastKnownFileType = sourcecode.swift; path = PDFViewer.swift; sourceTree = "<group>"; };
		01E24D2B245984CF009EA1E3 /* ActivityView.swift */ = {isa = PBXFileReference; lastKnownFileType = sourcecode.swift; path = ActivityView.swift; sourceTree = "<group>"; };
		01E24D2D245A9D4A009EA1E3 /* PackageLabelView.swift */ = {isa = PBXFileReference; lastKnownFileType = sourcecode.swift; path = PackageLabelView.swift; sourceTree = "<group>"; };
		01E24D2F245A9E16009EA1E3 /* PackageForm.swift */ = {isa = PBXFileReference; lastKnownFileType = sourcecode.swift; path = PackageForm.swift; sourceTree = "<group>"; };
		01E24D31245AA6FF009EA1E3 /* TestPackage.json */ = {isa = PBXFileReference; lastKnownFileType = text.json; path = TestPackage.json; sourceTree = "<group>"; };
		01F46DB6246045D400EB0E8A /* PackageLabelViewModel.swift */ = {isa = PBXFileReference; lastKnownFileType = sourcecode.swift; path = PackageLabelViewModel.swift; sourceTree = "<group>"; };
		01F46DB82460488A00EB0E8A /* Address.swift */ = {isa = PBXFileReference; lastKnownFileType = sourcecode.swift; path = Address.swift; sourceTree = "<group>"; };
/* End PBXFileReference section */

/* Begin PBXFrameworksBuildPhase section */
		01DB498E2435BC2300A348A8 /* Frameworks */ = {
			isa = PBXFrameworksBuildPhase;
			buildActionMask = 2147483647;
			files = (
			);
			runOnlyForDeploymentPostprocessing = 0;
		};
/* End PBXFrameworksBuildPhase section */

/* Begin PBXGroup section */
		01DB49882435BC2300A348A8 = {
			isa = PBXGroup;
			children = (
				01DB49932435BC2300A348A8 /* AdLab */,
				01DB49922435BC2300A348A8 /* Products */,
			);
			sourceTree = "<group>";
		};
		01DB49922435BC2300A348A8 /* Products */ = {
			isa = PBXGroup;
			children = (
				01DB49912435BC2300A348A8 /* AdLab.app */,
			);
			name = Products;
			sourceTree = "<group>";
		};
		01DB49932435BC2300A348A8 /* AdLab */ = {
			isa = PBXGroup;
			children = (
				01DB49942435BC2300A348A8 /* AppDelegate.swift */,
				01DB49962435BC2300A348A8 /* SceneDelegate.swift */,
				01DB49982435BC2300A348A8 /* ContentView.swift */,
				01590598245DB7D8004EA0E1 /* ViewModel.swift */,
				017149E324642391003CF3F0 /* OrdersList.swift */,
				017149E5246424BE003CF3F0 /* OrdersListViewModel.swift */,
				01E24D2F245A9E16009EA1E3 /* PackageForm.swift */,
				01E24D2D245A9D4A009EA1E3 /* PackageLabelView.swift */,
				01F46DB6246045D400EB0E8A /* PackageLabelViewModel.swift */,
				01E24D2624597940009EA1E3 /* View+PDFExport.swift */,
				01E24D2924597D4F009EA1E3 /* PDFViewer.swift */,
				01E24D2B245984CF009EA1E3 /* ActivityView.swift */,
				014C835F244577F600B1716F /* Package.swift */,
				01F46DB82460488A00EB0E8A /* Address.swift */,
				017149C224630791003CF3F0 /* EbayOrder.swift */,
				017149E12463C0A0003CF3F0 /* EbayRequest.swift */,
				01E24D31245AA6FF009EA1E3 /* TestPackage.json */,
				01DB499A2435BC2800A348A8 /* Assets.xcassets */,
				01DB499F2435BC2800A348A8 /* LaunchScreen.storyboard */,
				01DB49A22435BC2800A348A8 /* Info.plist */,
				01DB499C2435BC2800A348A8 /* Preview Content */,
			);
			path = AdLab;
			sourceTree = "<group>";
		};
		01DB499C2435BC2800A348A8 /* Preview Content */ = {
			isa = PBXGroup;
			children = (
				01DB499D2435BC2800A348A8 /* Preview Assets.xcassets */,
			);
			path = "Preview Content";
			sourceTree = "<group>";
		};
/* End PBXGroup section */

/* Begin PBXNativeTarget section */
		01DB49902435BC2300A348A8 /* AdLab */ = {
			isa = PBXNativeTarget;
			buildConfigurationList = 01DB49A52435BC2800A348A8 /* Build configuration list for PBXNativeTarget "AdLab" */;
			buildPhases = (
				01DB498D2435BC2300A348A8 /* Sources */,
				01DB498E2435BC2300A348A8 /* Frameworks */,
				01DB498F2435BC2300A348A8 /* Resources */,
			);
			buildRules = (
			);
			dependencies = (
			);
			name = AdLab;
			productName = AdLab;
			productReference = 01DB49912435BC2300A348A8 /* AdLab.app */;
			productType = "com.apple.product-type.application";
		};
/* End PBXNativeTarget section */

/* Begin PBXProject section */
		01DB49892435BC2300A348A8 /* Project object */ = {
			isa = PBXProject;
			attributes = {
				LastSwiftUpdateCheck = 1140;
				LastUpgradeCheck = 1140;
				ORGANIZATIONNAME = "David Somen";
				TargetAttributes = {
					01DB49902435BC2300A348A8 = {
						CreatedOnToolsVersion = 11.4;
					};
				};
			};
			buildConfigurationList = 01DB498C2435BC2300A348A8 /* Build configuration list for PBXProject "AdLab" */;
			compatibilityVersion = "Xcode 9.3";
			developmentRegion = en;
			hasScannedForEncodings = 0;
			knownRegions = (
				en,
				Base,
			);
			mainGroup = 01DB49882435BC2300A348A8;
			productRefGroup = 01DB49922435BC2300A348A8 /* Products */;
			projectDirPath = "";
			projectRoot = "";
			targets = (
				01DB49902435BC2300A348A8 /* AdLab */,
			);
		};
/* End PBXProject section */

/* Begin PBXResourcesBuildPhase section */
		01DB498F2435BC2300A348A8 /* Resources */ = {
			isa = PBXResourcesBuildPhase;
			buildActionMask = 2147483647;
			files = (
				01E24D32245AA6FF009EA1E3 /* TestPackage.json in Resources */,
				01DB49A12435BC2800A348A8 /* LaunchScreen.storyboard in Resources */,
				01DB499E2435BC2800A348A8 /* Preview Assets.xcassets in Resources */,
				01DB499B2435BC2800A348A8 /* Assets.xcassets in Resources */,
			);
			runOnlyForDeploymentPostprocessing = 0;
		};
/* End PBXResourcesBuildPhase section */

/* Begin PBXSourcesBuildPhase section */
		01DB498D2435BC2300A348A8 /* Sources */ = {
			isa = PBXSourcesBuildPhase;
			buildActionMask = 2147483647;
			files = (
				01590599245DB7D8004EA0E1 /* ViewModel.swift in Sources */,
				01E24D2E245A9D4A009EA1E3 /* PackageLabelView.swift in Sources */,
				017149DB24630792003CF3F0 /* EbayOrder.swift in Sources */,
				017149E424642391003CF3F0 /* OrdersList.swift in Sources */,
				01F46DB7246045D400EB0E8A /* PackageLabelViewModel.swift in Sources */,
				017149E22463C0A0003CF3F0 /* EbayRequest.swift in Sources */,
				01E24D30245A9E16009EA1E3 /* PackageForm.swift in Sources */,
				014C8360244577F600B1716F /* Package.swift in Sources */,
				01E24D2724597940009EA1E3 /* View+PDFExport.swift in Sources */,
				01F46DB92460488A00EB0E8A /* Address.swift in Sources */,
				01DB49952435BC2300A348A8 /* AppDelegate.swift in Sources */,
				017149E6246424BE003CF3F0 /* OrdersListViewModel.swift in Sources */,
				01E24D2A24597D4F009EA1E3 /* PDFViewer.swift in Sources */,
				01E24D2C245984CF009EA1E3 /* ActivityView.swift in Sources */,
				01DB49972435BC2300A348A8 /* SceneDelegate.swift in Sources */,
				01DB49992435BC2300A348A8 /* ContentView.swift in Sources */,
			);
			runOnlyForDeploymentPostprocessing = 0;
		};
/* End PBXSourcesBuildPhase section */

/* Begin PBXVariantGroup section */
		01DB499F2435BC2800A348A8 /* LaunchScreen.storyboard */ = {
			isa = PBXVariantGroup;
			children = (
				01DB49A02435BC2800A348A8 /* Base */,
			);
			name = LaunchScreen.storyboard;
			sourceTree = "<group>";
		};
/* End PBXVariantGroup section */

/* Begin XCBuildConfiguration section */
		01DB49A32435BC2800A348A8 /* Debug */ = {
			isa = XCBuildConfiguration;
			buildSettings = {
				ALWAYS_SEARCH_USER_PATHS = NO;
				CLANG_ANALYZER_NONNULL = YES;
				CLANG_ANALYZER_NUMBER_OBJECT_CONVERSION = YES_AGGRESSIVE;
				CLANG_CXX_LANGUAGE_STANDARD = "gnu++14";
				CLANG_CXX_LIBRARY = "libc++";
				CLANG_ENABLE_MODULES = YES;
				CLANG_ENABLE_OBJC_ARC = YES;
				CLANG_ENABLE_OBJC_WEAK = YES;
				CLANG_WARN_BLOCK_CAPTURE_AUTORELEASING = YES;
				CLANG_WARN_BOOL_CONVERSION = YES;
				CLANG_WARN_COMMA = YES;
				CLANG_WARN_CONSTANT_CONVERSION = YES;
				CLANG_WARN_DEPRECATED_OBJC_IMPLEMENTATIONS = YES;
				CLANG_WARN_DIRECT_OBJC_ISA_USAGE = YES_ERROR;
				CLANG_WARN_DOCUMENTATION_COMMENTS = YES;
				CLANG_WARN_EMPTY_BODY = YES;
				CLANG_WARN_ENUM_CONVERSION = YES;
				CLANG_WARN_INFINITE_RECURSION = YES;
				CLANG_WARN_INT_CONVERSION = YES;
				CLANG_WARN_NON_LITERAL_NULL_CONVERSION = YES;
				CLANG_WARN_OBJC_IMPLICIT_RETAIN_SELF = YES;
				CLANG_WARN_OBJC_LITERAL_CONVERSION = YES;
				CLANG_WARN_OBJC_ROOT_CLASS = YES_ERROR;
				CLANG_WARN_RANGE_LOOP_ANALYSIS = YES;
				CLANG_WARN_STRICT_PROTOTYPES = YES;
				CLANG_WARN_SUSPICIOUS_MOVE = YES;
				CLANG_WARN_UNGUARDED_AVAILABILITY = YES_AGGRESSIVE;
				CLANG_WARN_UNREACHABLE_CODE = YES;
				CLANG_WARN__DUPLICATE_METHOD_MATCH = YES;
				COPY_PHASE_STRIP = NO;
				DEBUG_INFORMATION_FORMAT = dwarf;
				ENABLE_STRICT_OBJC_MSGSEND = YES;
				ENABLE_TESTABILITY = YES;
				GCC_C_LANGUAGE_STANDARD = gnu11;
				GCC_DYNAMIC_NO_PIC = NO;
				GCC_NO_COMMON_BLOCKS = YES;
				GCC_OPTIMIZATION_LEVEL = 0;
				GCC_PREPROCESSOR_DEFINITIONS = (
					"DEBUG=1",
					"$(inherited)",
				);
				GCC_WARN_64_TO_32_BIT_CONVERSION = YES;
				GCC_WARN_ABOUT_RETURN_TYPE = YES_ERROR;
				GCC_WARN_UNDECLARED_SELECTOR = YES;
				GCC_WARN_UNINITIALIZED_AUTOS = YES_AGGRESSIVE;
				GCC_WARN_UNUSED_FUNCTION = YES;
				GCC_WARN_UNUSED_VARIABLE = YES;
				IPHONEOS_DEPLOYMENT_TARGET = 13.4;
				MTL_ENABLE_DEBUG_INFO = INCLUDE_SOURCE;
				MTL_FAST_MATH = YES;
				ONLY_ACTIVE_ARCH = YES;
				SDKROOT = iphoneos;
				SWIFT_ACTIVE_COMPILATION_CONDITIONS = DEBUG;
				SWIFT_OPTIMIZATION_LEVEL = "-Onone";
			};
			name = Debug;
		};
		01DB49A42435BC2800A348A8 /* Release */ = {
			isa = XCBuildConfiguration;
			buildSettings = {
				ALWAYS_SEARCH_USER_PATHS = NO;
				CLANG_ANALYZER_NONNULL = YES;
				CLANG_ANALYZER_NUMBER_OBJECT_CONVERSION = YES_AGGRESSIVE;
				CLANG_CXX_LANGUAGE_STANDARD = "gnu++14";
				CLANG_CXX_LIBRARY = "libc++";
				CLANG_ENABLE_MODULES = YES;
				CLANG_ENABLE_OBJC_ARC = YES;
				CLANG_ENABLE_OBJC_WEAK = YES;
				CLANG_WARN_BLOCK_CAPTURE_AUTORELEASING = YES;
				CLANG_WARN_BOOL_CONVERSION = YES;
				CLANG_WARN_COMMA = YES;
				CLANG_WARN_CONSTANT_CONVERSION = YES;
				CLANG_WARN_DEPRECATED_OBJC_IMPLEMENTATIONS = YES;
				CLANG_WARN_DIRECT_OBJC_ISA_USAGE = YES_ERROR;
				CLANG_WARN_DOCUMENTATION_COMMENTS = YES;
				CLANG_WARN_EMPTY_BODY = YES;
				CLANG_WARN_ENUM_CONVERSION = YES;
				CLANG_WARN_INFINITE_RECURSION = YES;
				CLANG_WARN_INT_CONVERSION = YES;
				CLANG_WARN_NON_LITERAL_NULL_CONVERSION = YES;
				CLANG_WARN_OBJC_IMPLICIT_RETAIN_SELF = YES;
				CLANG_WARN_OBJC_LITERAL_CONVERSION = YES;
				CLANG_WARN_OBJC_ROOT_CLASS = YES_ERROR;
				CLANG_WARN_RANGE_LOOP_ANALYSIS = YES;
				CLANG_WARN_STRICT_PROTOTYPES = YES;
				CLANG_WARN_SUSPICIOUS_MOVE = YES;
				CLANG_WARN_UNGUARDED_AVAILABILITY = YES_AGGRESSIVE;
				CLANG_WARN_UNREACHABLE_CODE = YES;
				CLANG_WARN__DUPLICATE_METHOD_MATCH = YES;
				COPY_PHASE_STRIP = NO;
				DEBUG_INFORMATION_FORMAT = "dwarf-with-dsym";
				ENABLE_NS_ASSERTIONS = NO;
				ENABLE_STRICT_OBJC_MSGSEND = YES;
				GCC_C_LANGUAGE_STANDARD = gnu11;
				GCC_NO_COMMON_BLOCKS = YES;
				GCC_WARN_64_TO_32_BIT_CONVERSION = YES;
				GCC_WARN_ABOUT_RETURN_TYPE = YES_ERROR;
				GCC_WARN_UNDECLARED_SELECTOR = YES;
				GCC_WARN_UNINITIALIZED_AUTOS = YES_AGGRESSIVE;
				GCC_WARN_UNUSED_FUNCTION = YES;
				GCC_WARN_UNUSED_VARIABLE = YES;
				IPHONEOS_DEPLOYMENT_TARGET = 13.4;
				MTL_ENABLE_DEBUG_INFO = NO;
				MTL_FAST_MATH = YES;
				SDKROOT = iphoneos;
				SWIFT_COMPILATION_MODE = wholemodule;
				SWIFT_OPTIMIZATION_LEVEL = "-O";
				VALIDATE_PRODUCT = YES;
			};
			name = Release;
		};
		01DB49A62435BC2800A348A8 /* Debug */ = {
			isa = XCBuildConfiguration;
			buildSettings = {
				ASSETCATALOG_COMPILER_APPICON_NAME = AppIcon;
				CODE_SIGN_STYLE = Automatic;
				DEVELOPMENT_ASSET_PATHS = "\"AdLab/Preview Content\"";
				DEVELOPMENT_TEAM = TBSTK984R6;
				ENABLE_PREVIEWS = YES;
				INFOPLIST_FILE = AdLab/Info.plist;
				LD_RUNPATH_SEARCH_PATHS = (
					"$(inherited)",
					"@executable_path/Frameworks",
				);
				PRODUCT_BUNDLE_IDENTIFIER = davidsomen.AdLab;
				PRODUCT_NAME = "$(TARGET_NAME)";
				SWIFT_VERSION = 5.0;
				TARGETED_DEVICE_FAMILY = "1,2";
			};
			name = Debug;
		};
		01DB49A72435BC2800A348A8 /* Release */ = {
			isa = XCBuildConfiguration;
			buildSettings = {
				ASSETCATALOG_COMPILER_APPICON_NAME = AppIcon;
				CODE_SIGN_STYLE = Automatic;
				DEVELOPMENT_ASSET_PATHS = "\"AdLab/Preview Content\"";
				DEVELOPMENT_TEAM = TBSTK984R6;
				ENABLE_PREVIEWS = YES;
				EXCLUDED_SOURCE_FILE_NAMES = TestPackage.json;
				INFOPLIST_FILE = AdLab/Info.plist;
				LD_RUNPATH_SEARCH_PATHS = (
					"$(inherited)",
					"@executable_path/Frameworks",
				);
				PRODUCT_BUNDLE_IDENTIFIER = davidsomen.AdLab;
				PRODUCT_NAME = "$(TARGET_NAME)";
				SWIFT_VERSION = 5.0;
				TARGETED_DEVICE_FAMILY = "1,2";
			};
			name = Release;
		};
/* End XCBuildConfiguration section */

/* Begin XCConfigurationList section */
		01DB498C2435BC2300A348A8 /* Build configuration list for PBXProject "AdLab" */ = {
			isa = XCConfigurationList;
			buildConfigurations = (
				01DB49A32435BC2800A348A8 /* Debug */,
				01DB49A42435BC2800A348A8 /* Release */,
			);
			defaultConfigurationIsVisible = 0;
			defaultConfigurationName = Release;
		};
		01DB49A52435BC2800A348A8 /* Build configuration list for PBXNativeTarget "AdLab" */ = {
			isa = XCConfigurationList;
			buildConfigurations = (
				01DB49A62435BC2800A348A8 /* Debug */,
				01DB49A72435BC2800A348A8 /* Release */,
			);
			defaultConfigurationIsVisible = 0;
			defaultConfigurationName = Release;
		};
/* End XCConfigurationList section */
	};
	rootObject = 01DB49892435BC2300A348A8 /* Project object */;
}
